
Microsoft Visual Studio Solution File, Format Version 12.00
# Visual Studio Version 17
VisualStudioVersion = 17.0.31512.422
MinimumVisualStudioVersion = 10.0.40219.1
Project("{9A19103F-16F7-4668-BE54-9A1E7A4F7556}") = "Excelist", "Excelist\Excelist.csproj", "{D1AD4C1D-B8AB-4E7A-9034-9B40AF46A037}"
EndProject
Project("{9A19103F-16F7-4668-BE54-9A1E7A4F7556}") = "Excelist.Http", "Excelist.Http\Excelist.Http.csproj", "{8EACAA7B-3623-4323-BF19-98E412F230F0}"
EndProject
Project("{9A19103F-16F7-4668-BE54-9A1E7A4F7556}") = "Excelist.OpenXml", "Excelist.OpenXml\Excelist.OpenXml.csproj", "{3FC5C7F7-5072-4E17-A282-11746A973391}"
EndProject
Project("{FAE04EC0-301F-11D3-BF4B-00C04F79EFBC}") = "Excelist.Http.Tests", "Excelist.Http.Tests\Excelist.Http.Tests.csproj", "{6E426BA0-F09E-4796-92E4-7021FA5E608E}"
EndProject
Project("{FAE04EC0-301F-11D3-BF4B-00C04F79EFBC}") = "Excelist.OpenXml.Tests", "Excelist.OpenXml.Tests\Excelist.OpenXml.Tests.csproj", "{F1C06DF6-31D4-4124-94A7-C04185271456}"
EndProject
Project("{2150E333-8FDC-42A3-9474-1A3956D46DE8}") = "Tests", "Tests", "{9E993B66-AB0E-4AB1-9EC5-664331B2C116}"
EndProject
Global
	GlobalSection(SolutionConfigurationPlatforms) = preSolution
		Debug|Any CPU = Debug|Any CPU
		Release|Any CPU = Release|Any CPU
	EndGlobalSection
	GlobalSection(ProjectConfigurationPlatforms) = postSolution
		{D1AD4C1D-B8AB-4E7A-9034-9B40AF46A037}.Debug|Any CPU.ActiveCfg = Debug|Any CPU
		{D1AD4C1D-B8AB-4E7A-9034-9B40AF46A037}.Debug|Any CPU.Build.0 = Debug|Any CPU
		{D1AD4C1D-B8AB-4E7A-9034-9B40AF46A037}.Release|Any CPU.ActiveCfg = Release|Any CPU
		{D1AD4C1D-B8AB-4E7A-9034-9B40AF46A037}.Release|Any CPU.Build.0 = Release|Any CPU
		{8EACAA7B-3623-4323-BF19-98E412F230F0}.Debug|Any CPU.ActiveCfg = Debug|Any CPU
		{8EACAA7B-3623-4323-BF19-98E412F230F0}.Debug|Any CPU.Build.0 = Debug|Any CPU
		{8EACAA7B-3623-4323-BF19-98E412F230F0}.Release|Any CPU.ActiveCfg = Release|Any CPU
		{8EACAA7B-3623-4323-BF19-98E412F230F0}.Release|Any CPU.Build.0 = Release|Any CPU
		{3FC5C7F7-5072-4E17-A282-11746A973391}.Debug|Any CPU.ActiveCfg = Debug|Any CPU
		{3FC5C7F7-5072-4E17-A282-11746A973391}.Debug|Any CPU.Build.0 = Debug|Any CPU
		{3FC5C7F7-5072-4E17-A282-11746A973391}.Release|Any CPU.ActiveCfg = Release|Any CPU
		{3FC5C7F7-5072-4E17-A282-11746A973391}.Release|Any CPU.Build.0 = Release|Any CPU
		{6E426BA0-F09E-4796-92E4-7021FA5E608E}.Debug|Any CPU.ActiveCfg = Debug|Any CPU
		{6E426BA0-F09E-4796-92E4-7021FA5E608E}.Debug|Any CPU.Build.0 = Debug|Any CPU
		{6E426BA0-F09E-4796-92E4-7021FA5E608E}.Release|Any CPU.ActiveCfg = Release|Any CPU
		{6E426BA0-F09E-4796-92E4-7021FA5E608E}.Release|Any CPU.Build.0 = Release|Any CPU
		{F1C06DF6-31D4-4124-94A7-C04185271456}.Debug|Any CPU.ActiveCfg = Debug|Any CPU
		{F1C06DF6-31D4-4124-94A7-C04185271456}.Debug|Any CPU.Build.0 = Debug|Any CPU
		{F1C06DF6-31D4-4124-94A7-C04185271456}.Release|Any CPU.ActiveCfg = Release|Any CPU
		{F1C06DF6-31D4-4124-94A7-C04185271456}.Release|Any CPU.Build.0 = Release|Any CPU
	EndGlobalSection
	GlobalSection(SolutionProperties) = preSolution
		HideSolutionNode = FALSE
	EndGlobalSection
	GlobalSection(NestedProjects) = preSolution
		{6E426BA0-F09E-4796-92E4-7021FA5E608E} = {9E993B66-AB0E-4AB1-9EC5-664331B2C116}
		{F1C06DF6-31D4-4124-94A7-C04185271456} = {9E993B66-AB0E-4AB1-9EC5-664331B2C116}
	EndGlobalSection
	GlobalSection(ExtensibilityGlobals) = postSolution
		SolutionGuid = {7963676D-8359-473A-A499-DF06DFC468D8}
	EndGlobalSection
EndGlobal
