
Microsoft Visual Studio Solution File, Format Version 12.00
# Visual Studio Version 16
VisualStudioVersion = 16.0.30717.126
MinimumVisualStudioVersion = 10.0.40219.1
Project("{9A19103F-16F7-4668-BE54-9A1E7A4F7556}") = "ListToExcel", "core\ListToExcel.csproj", "{D1AD4C1D-B8AB-4E7A-9034-9B40AF46A037}"
EndProject
Global
	GlobalSection(SolutionConfigurationPlatforms) = preSolution
		Debug|Any CPU = Debug|Any CPU
		Release|Any CPU = Release|Any CPU
	EndGlobalSection
	GlobalSection(ProjectConfigurationPlatforms) = postSolution
		{D1AD4C1D-B8AB-4E7A-9034-9B40AF46A037}.Debug|Any CPU.ActiveCfg = Debug|Any CPU
		{D1AD4C1D-B8AB-4E7A-9034-9B40AF46A037}.Debug|Any CPU.Build.0 = Debug|Any CPU
		{D1AD4C1D-B8AB-4E7A-9034-9B40AF46A037}.Release|Any CPU.ActiveCfg = Release|Any CPU
		{D1AD4C1D-B8AB-4E7A-9034-9B40AF46A037}.Release|Any CPU.Build.0 = Release|Any CPU
	EndGlobalSection
	GlobalSection(SolutionProperties) = preSolution
		HideSolutionNode = FALSE
	EndGlobalSection
	GlobalSection(ExtensibilityGlobals) = postSolution
		SolutionGuid = {7963676D-8359-473A-A499-DF06DFC468D8}
	EndGlobalSection
EndGlobal
